
Microsoft Visual Studio Solution File, Format Version 12.00
# Visual Studio Version 17
VisualStudioVersion = 17.8.34525.116
MinimumVisualStudioVersion = 10.0.40219.1
Project("{FAE04EC0-301F-11D3-BF4B-00C04F79EFBC}") = "ConsoleAppShow", "ConsoleAppShow\ConsoleAppShow.csproj", "{4C4041ED-9586-484E-9CE2-04ADC93A6E24}"
EndProject
Global
	GlobalSection(SolutionConfigurationPlatforms) = preSolution
		Debug|Any CPU = Debug|Any CPU
		Release|Any CPU = Release|Any CPU
	EndGlobalSection
	GlobalSection(ProjectConfigurationPlatforms) = postSolution
		{4C4041ED-9586-484E-9CE2-04ADC93A6E24}.Debug|Any CPU.ActiveCfg = Debug|Any CPU
		{4C4041ED-9586-484E-9CE2-04ADC93A6E24}.Debug|Any CPU.Build.0 = Debug|Any CPU
		{4C4041ED-9586-484E-9CE2-04ADC93A6E24}.Release|Any CPU.ActiveCfg = Release|Any CPU
		{4C4041ED-9586-484E-9CE2-04ADC93A6E24}.Release|Any CPU.Build.0 = Release|Any CPU
	EndGlobalSection
	GlobalSection(SolutionProperties) = preSolution
		HideSolutionNode = FALSE
	EndGlobalSection
	GlobalSection(ExtensibilityGlobals) = postSolution
		SolutionGuid = {1088B31F-E0BD-438D-BBF8-48BFE38A8073}
	EndGlobalSection
EndGlobal
